
Microsoft Visual Studio Solution File, Format Version 12.00
# Visual Studio Version 16
VisualStudioVersion = 16.0.31105.61
MinimumVisualStudioVersion = 10.0.40219.1
Project("{9A19103F-16F7-4668-BE54-9A1E7A4F7556}") = "CovidStats", "CovidStats\CovidStats.csproj", "{3AAE6126-2929-400E-879D-15F8F430DDF1}"
EndProject
Project("{FAE04EC0-301F-11D3-BF4B-00C04F79EFBC}") = "CovidStats.data", "CovidStats.data\CovidStats.data.csproj", "{2A5C8467-F178-4D6D-B1D0-DF2EDEB0DAFB}"
EndProject
Project("{FAE04EC0-301F-11D3-BF4B-00C04F79EFBC}") = "CovidStats.Tests", "CovidStats.Tests\CovidStats.Tests.csproj", "{800A9C21-A491-4707-ADAF-48258B62C56E}"
EndProject
Project("{FAE04EC0-301F-11D3-BF4B-00C04F79EFBC}") = "CovidStats.logic", "CovidStats.logic\CovidStats.logic.csproj", "{3B9E8244-03ED-486E-8450-1D123CA33FFE}"
EndProject
Global
	GlobalSection(SolutionConfigurationPlatforms) = preSolution
		Debug|Any CPU = Debug|Any CPU
		Release|Any CPU = Release|Any CPU
	EndGlobalSection
	GlobalSection(ProjectConfigurationPlatforms) = postSolution
		{3AAE6126-2929-400E-879D-15F8F430DDF1}.Debug|Any CPU.ActiveCfg = Debug|Any CPU
		{3AAE6126-2929-400E-879D-15F8F430DDF1}.Debug|Any CPU.Build.0 = Debug|Any CPU
		{3AAE6126-2929-400E-879D-15F8F430DDF1}.Release|Any CPU.ActiveCfg = Release|Any CPU
		{3AAE6126-2929-400E-879D-15F8F430DDF1}.Release|Any CPU.Build.0 = Release|Any CPU
		{2A5C8467-F178-4D6D-B1D0-DF2EDEB0DAFB}.Debug|Any CPU.ActiveCfg = Debug|Any CPU
		{2A5C8467-F178-4D6D-B1D0-DF2EDEB0DAFB}.Debug|Any CPU.Build.0 = Debug|Any CPU
		{2A5C8467-F178-4D6D-B1D0-DF2EDEB0DAFB}.Release|Any CPU.ActiveCfg = Release|Any CPU
		{2A5C8467-F178-4D6D-B1D0-DF2EDEB0DAFB}.Release|Any CPU.Build.0 = Release|Any CPU
		{800A9C21-A491-4707-ADAF-48258B62C56E}.Debug|Any CPU.ActiveCfg = Debug|Any CPU
		{800A9C21-A491-4707-ADAF-48258B62C56E}.Debug|Any CPU.Build.0 = Debug|Any CPU
		{800A9C21-A491-4707-ADAF-48258B62C56E}.Release|Any CPU.ActiveCfg = Release|Any CPU
		{800A9C21-A491-4707-ADAF-48258B62C56E}.Release|Any CPU.Build.0 = Release|Any CPU
		{3B9E8244-03ED-486E-8450-1D123CA33FFE}.Debug|Any CPU.ActiveCfg = Debug|Any CPU
		{3B9E8244-03ED-486E-8450-1D123CA33FFE}.Debug|Any CPU.Build.0 = Debug|Any CPU
		{3B9E8244-03ED-486E-8450-1D123CA33FFE}.Release|Any CPU.ActiveCfg = Release|Any CPU
		{3B9E8244-03ED-486E-8450-1D123CA33FFE}.Release|Any CPU.Build.0 = Release|Any CPU
	EndGlobalSection
	GlobalSection(SolutionProperties) = preSolution
		HideSolutionNode = FALSE
	EndGlobalSection
	GlobalSection(ExtensibilityGlobals) = postSolution
		SolutionGuid = {A96749AF-495B-4E27-99E3-25E79F37458B}
	EndGlobalSection
EndGlobal
